// !$*UTF8*$!
{
	archiveVersion = 1;
	classes = {
	};
	objectVersion = 46;
	objects = {

/* Begin PBXBuildFile section */
		591CF47408D20CFA7A8CAC60 /* Pods.framework in Frameworks */ = {isa = PBXBuildFile; fileRef = EB691AAADAE25DB80BD2BDC2 /* Pods.framework */; settings = {ATTRIBUTES = (Weak, ); }; };
		E2E8C9CE0AF6336EF2B54864 /* Pods_SampleTests.framework in Frameworks */ = {isa = PBXBuildFile; fileRef = D049E43A6DA171137965FFDE /* Pods_SampleTests.framework */; settings = {ATTRIBUTES = (Weak, ); }; };
		FB293F671BB5F49E00DF5259 /* RandomViewController.m in Sources */ = {isa = PBXBuildFile; fileRef = FB293F651BB5F49E00DF5259 /* RandomViewController.m */; };
		FB293F681BB5F49E00DF5259 /* RandomViewController.xib in Resources */ = {isa = PBXBuildFile; fileRef = FB293F661BB5F49E00DF5259 /* RandomViewController.xib */; };
		FB77A4031BBD8FA700905EED /* UserManager.m in Sources */ = {isa = PBXBuildFile; fileRef = FB77A4021BBD8FA700905EED /* UserManager.m */; settings = {ASSET_TAGS = (); }; };
		FB77A4061BBD9CA700905EED /* UIView+Subviews.m in Sources */ = {isa = PBXBuildFile; fileRef = FB77A4051BBD9CA700905EED /* UIView+Subviews.m */; settings = {ASSET_TAGS = (); }; };
		FB77A40A1BBDA06900905EED /* UserManagerTest.m in Sources */ = {isa = PBXBuildFile; fileRef = FB77A4091BBDA06900905EED /* UserManagerTest.m */; settings = {ASSET_TAGS = (); }; };
		FB77A40C1BBDA34C00905EED /* ViewControllerTests.m in Sources */ = {isa = PBXBuildFile; fileRef = FB77A40B1BBDA34C00905EED /* ViewControllerTests.m */; settings = {ASSET_TAGS = (); }; };
		FB82DBD61BB5E78600E5FF5C /* AppDelegate.m in Sources */ = {isa = PBXBuildFile; fileRef = FB82DBD51BB5E78600E5FF5C /* AppDelegate.m */; };
		FB82DBD91BB5E78600E5FF5C /* ViewController.m in Sources */ = {isa = PBXBuildFile; fileRef = FB82DBD81BB5E78600E5FF5C /* ViewController.m */; };
		FB82DBEC1BB5E78600E5FF5C /* ViewControllerTest.m in Sources */ = {isa = PBXBuildFile; fileRef = FB82DBEB1BB5E78600E5FF5C /* ViewControllerTest.m */; };
		FB82DBF71BB5E78600E5FF5C /* SampleUITests.m in Sources */ = {isa = PBXBuildFile; fileRef = FB82DBF61BB5E78600E5FF5C /* SampleUITests.m */; };
		FB82DC0C1BB5EA7A00E5FF5C /* Assets.xcassets in Resources */ = {isa = PBXBuildFile; fileRef = FB82DC051BB5EA7A00E5FF5C /* Assets.xcassets */; };
		FB82DC0D1BB5EA7A00E5FF5C /* LaunchScreen.storyboard in Resources */ = {isa = PBXBuildFile; fileRef = FB82DC061BB5EA7A00E5FF5C /* LaunchScreen.storyboard */; };
		FB82DC0E1BB5EA7A00E5FF5C /* Main.storyboard in Resources */ = {isa = PBXBuildFile; fileRef = FB82DC081BB5EA7A00E5FF5C /* Main.storyboard */; };
		FB82DC0F1BB5EA7A00E5FF5C /* Info.plist in Resources */ = {isa = PBXBuildFile; fileRef = FB82DC0A1BB5EA7A00E5FF5C /* Info.plist */; };
		FB82DC101BB5EA7A00E5FF5C /* main.m in Sources */ = {isa = PBXBuildFile; fileRef = FB82DC0B1BB5EA7A00E5FF5C /* main.m */; };
		FB82DC171BB5F21400E5FF5C /* Arrays.m in Sources */ = {isa = PBXBuildFile; fileRef = FB82DC161BB5F21400E5FF5C /* Arrays.m */; };
/* End PBXBuildFile section */

/* Begin PBXContainerItemProxy section */
		FB82DBE81BB5E78600E5FF5C /* PBXContainerItemProxy */ = {
			isa = PBXContainerItemProxy;
			containerPortal = FB82DBC61BB5E78600E5FF5C /* Project object */;
			proxyType = 1;
			remoteGlobalIDString = FB82DBCD1BB5E78600E5FF5C;
			remoteInfo = Sample;
		};
		FB82DBF31BB5E78600E5FF5C /* PBXContainerItemProxy */ = {
			isa = PBXContainerItemProxy;
			containerPortal = FB82DBC61BB5E78600E5FF5C /* Project object */;
			proxyType = 1;
			remoteGlobalIDString = FB82DBCD1BB5E78600E5FF5C;
			remoteInfo = Sample;
		};
/* End PBXContainerItemProxy section */

/* Begin PBXFileReference section */
		5AA303EEBA69E0FA2C768747 /* Pods-SampleTests.debug.xcconfig */ = {isa = PBXFileReference; includeInIndex = 1; lastKnownFileType = text.xcconfig; name = "Pods-SampleTests.debug.xcconfig"; path = "Pods/Target Support Files/Pods-SampleTests/Pods-SampleTests.debug.xcconfig"; sourceTree = "<group>"; };
		64886871249BC2805F2791A7 /* Pods-SampleTests.release.xcconfig */ = {isa = PBXFileReference; includeInIndex = 1; lastKnownFileType = text.xcconfig; name = "Pods-SampleTests.release.xcconfig"; path = "Pods/Target Support Files/Pods-SampleTests/Pods-SampleTests.release.xcconfig"; sourceTree = "<group>"; };
		93DA24D61EC39B7EBFEE3984 /* Pods.debug.xcconfig */ = {isa = PBXFileReference; includeInIndex = 1; lastKnownFileType = text.xcconfig; name = Pods.debug.xcconfig; path = "Pods/Target Support Files/Pods/Pods.debug.xcconfig"; sourceTree = "<group>"; };
		A94843405F944AD979BB65E3 /* Pods.release.xcconfig */ = {isa = PBXFileReference; includeInIndex = 1; lastKnownFileType = text.xcconfig; name = Pods.release.xcconfig; path = "Pods/Target Support Files/Pods/Pods.release.xcconfig"; sourceTree = "<group>"; };
		D049E43A6DA171137965FFDE /* Pods_SampleTests.framework */ = {isa = PBXFileReference; explicitFileType = wrapper.framework; includeInIndex = 0; path = Pods_SampleTests.framework; sourceTree = BUILT_PRODUCTS_DIR; };
		EB691AAADAE25DB80BD2BDC2 /* Pods.framework */ = {isa = PBXFileReference; explicitFileType = wrapper.framework; includeInIndex = 0; path = Pods.framework; sourceTree = BUILT_PRODUCTS_DIR; };
		FB293F641BB5F49E00DF5259 /* RandomViewController.h */ = {isa = PBXFileReference; fileEncoding = 4; lastKnownFileType = sourcecode.c.h; path = RandomViewController.h; sourceTree = "<group>"; };
		FB293F651BB5F49E00DF5259 /* RandomViewController.m */ = {isa = PBXFileReference; fileEncoding = 4; lastKnownFileType = sourcecode.c.objc; path = RandomViewController.m; sourceTree = "<group>"; };
		FB293F661BB5F49E00DF5259 /* RandomViewController.xib */ = {isa = PBXFileReference; fileEncoding = 4; lastKnownFileType = file.xib; path = RandomViewController.xib; sourceTree = "<group>"; };
		FB77A4011BBD8FA700905EED /* UserManager.h */ = {isa = PBXFileReference; fileEncoding = 4; lastKnownFileType = sourcecode.c.h; path = UserManager.h; sourceTree = "<group>"; };
		FB77A4021BBD8FA700905EED /* UserManager.m */ = {isa = PBXFileReference; fileEncoding = 4; lastKnownFileType = sourcecode.c.objc; path = UserManager.m; sourceTree = "<group>"; };
		FB77A4041BBD9CA700905EED /* UIView+Subviews.h */ = {isa = PBXFileReference; fileEncoding = 4; lastKnownFileType = sourcecode.c.h; path = "UIView+Subviews.h"; sourceTree = "<group>"; };
		FB77A4051BBD9CA700905EED /* UIView+Subviews.m */ = {isa = PBXFileReference; fileEncoding = 4; lastKnownFileType = sourcecode.c.objc; path = "UIView+Subviews.m"; sourceTree = "<group>"; };
		FB77A4091BBDA06900905EED /* UserManagerTest.m */ = {isa = PBXFileReference; fileEncoding = 4; lastKnownFileType = sourcecode.c.objc; path = UserManagerTest.m; sourceTree = "<group>"; };
		FB77A40B1BBDA34C00905EED /* ViewControllerTests.m */ = {isa = PBXFileReference; fileEncoding = 4; lastKnownFileType = sourcecode.c.objc; path = ViewControllerTests.m; sourceTree = "<group>"; };
		FB82DBCE1BB5E78600E5FF5C /* Sample.app */ = {isa = PBXFileReference; explicitFileType = wrapper.application; includeInIndex = 0; path = Sample.app; sourceTree = BUILT_PRODUCTS_DIR; };
		FB82DBD41BB5E78600E5FF5C /* AppDelegate.h */ = {isa = PBXFileReference; lastKnownFileType = sourcecode.c.h; path = AppDelegate.h; sourceTree = "<group>"; };
		FB82DBD51BB5E78600E5FF5C /* AppDelegate.m */ = {isa = PBXFileReference; lastKnownFileType = sourcecode.c.objc; path = AppDelegate.m; sourceTree = "<group>"; };
		FB82DBD71BB5E78600E5FF5C /* ViewController.h */ = {isa = PBXFileReference; lastKnownFileType = sourcecode.c.h; path = ViewController.h; sourceTree = "<group>"; };
		FB82DBD81BB5E78600E5FF5C /* ViewController.m */ = {isa = PBXFileReference; lastKnownFileType = sourcecode.c.objc; path = ViewController.m; sourceTree = "<group>"; };
		FB82DBE71BB5E78600E5FF5C /* SampleTests.xctest */ = {isa = PBXFileReference; explicitFileType = wrapper.cfbundle; includeInIndex = 0; path = SampleTests.xctest; sourceTree = BUILT_PRODUCTS_DIR; };
		FB82DBEB1BB5E78600E5FF5C /* ViewControllerTest.m */ = {isa = PBXFileReference; lastKnownFileType = sourcecode.c.objc; path = ViewControllerTest.m; sourceTree = "<group>"; };
		FB82DBED1BB5E78600E5FF5C /* Info.plist */ = {isa = PBXFileReference; lastKnownFileType = text.plist.xml; path = Info.plist; sourceTree = "<group>"; };
		FB82DBF21BB5E78600E5FF5C /* SampleUITests.xctest */ = {isa = PBXFileReference; explicitFileType = wrapper.cfbundle; includeInIndex = 0; path = SampleUITests.xctest; sourceTree = BUILT_PRODUCTS_DIR; };
		FB82DBF61BB5E78600E5FF5C /* SampleUITests.m */ = {isa = PBXFileReference; lastKnownFileType = sourcecode.c.objc; path = SampleUITests.m; sourceTree = "<group>"; };
		FB82DBF81BB5E78600E5FF5C /* Info.plist */ = {isa = PBXFileReference; lastKnownFileType = text.plist.xml; path = Info.plist; sourceTree = "<group>"; };
		FB82DC051BB5EA7A00E5FF5C /* Assets.xcassets */ = {isa = PBXFileReference; lastKnownFileType = folder.assetcatalog; path = Assets.xcassets; sourceTree = "<group>"; };
		FB82DC071BB5EA7A00E5FF5C /* Base */ = {isa = PBXFileReference; lastKnownFileType = file.storyboard; name = Base; path = Base.lproj/LaunchScreen.storyboard; sourceTree = "<group>"; };
		FB82DC091BB5EA7A00E5FF5C /* Base */ = {isa = PBXFileReference; lastKnownFileType = file.storyboard; name = Base; path = Base.lproj/Main.storyboard; sourceTree = "<group>"; };
		FB82DC0A1BB5EA7A00E5FF5C /* Info.plist */ = {isa = PBXFileReference; fileEncoding = 4; lastKnownFileType = text.plist.xml; path = Info.plist; sourceTree = "<group>"; };
		FB82DC0B1BB5EA7A00E5FF5C /* main.m */ = {isa = PBXFileReference; fileEncoding = 4; lastKnownFileType = sourcecode.c.objc; path = main.m; sourceTree = "<group>"; };
		FB82DC151BB5F21400E5FF5C /* Arrays.h */ = {isa = PBXFileReference; fileEncoding = 4; lastKnownFileType = sourcecode.c.h; path = Arrays.h; sourceTree = "<group>"; };
		FB82DC161BB5F21400E5FF5C /* Arrays.m */ = {isa = PBXFileReference; fileEncoding = 4; lastKnownFileType = sourcecode.c.objc; path = Arrays.m; sourceTree = "<group>"; };
/* End PBXFileReference section */

/* Begin PBXFrameworksBuildPhase section */
		FB82DBCB1BB5E78600E5FF5C /* Frameworks */ = {
			isa = PBXFrameworksBuildPhase;
			buildActionMask = 2147483647;
			files = (
				591CF47408D20CFA7A8CAC60 /* Pods.framework in Frameworks */,
			);
			runOnlyForDeploymentPostprocessing = 0;
		};
		FB82DBE41BB5E78600E5FF5C /* Frameworks */ = {
			isa = PBXFrameworksBuildPhase;
			buildActionMask = 2147483647;
			files = (
				E2E8C9CE0AF6336EF2B54864 /* Pods_SampleTests.framework in Frameworks */,
			);
			runOnlyForDeploymentPostprocessing = 0;
		};
		FB82DBEF1BB5E78600E5FF5C /* Frameworks */ = {
			isa = PBXFrameworksBuildPhase;
			buildActionMask = 2147483647;
			files = (
			);
			runOnlyForDeploymentPostprocessing = 0;
		};
/* End PBXFrameworksBuildPhase section */

/* Begin PBXGroup section */
		99A3A3B7BB6D163FFFBD8065 /* Pods */ = {
			isa = PBXGroup;
			children = (
				93DA24D61EC39B7EBFEE3984 /* Pods.debug.xcconfig */,
				A94843405F944AD979BB65E3 /* Pods.release.xcconfig */,
				5AA303EEBA69E0FA2C768747 /* Pods-SampleTests.debug.xcconfig */,
				64886871249BC2805F2791A7 /* Pods-SampleTests.release.xcconfig */,
			);
			name = Pods;
			sourceTree = "<group>";
		};
		99B8CA6685D9004472FC6533 /* Frameworks */ = {
			isa = PBXGroup;
			children = (
				EB691AAADAE25DB80BD2BDC2 /* Pods.framework */,
				D049E43A6DA171137965FFDE /* Pods_SampleTests.framework */,
			);
			name = Frameworks;
			sourceTree = "<group>";
		};
		FB82DBC51BB5E78600E5FF5C = {
			isa = PBXGroup;
			children = (
				FB82DBD01BB5E78600E5FF5C /* Sample */,
				FB82DBEA1BB5E78600E5FF5C /* SampleTests */,
				FB82DBF51BB5E78600E5FF5C /* SampleUITests */,
				FB82DBCF1BB5E78600E5FF5C /* Products */,
				99A3A3B7BB6D163FFFBD8065 /* Pods */,
				99B8CA6685D9004472FC6533 /* Frameworks */,
			);
			sourceTree = "<group>";
		};
		FB82DBCF1BB5E78600E5FF5C /* Products */ = {
			isa = PBXGroup;
			children = (
				FB82DBCE1BB5E78600E5FF5C /* Sample.app */,
				FB82DBE71BB5E78600E5FF5C /* SampleTests.xctest */,
				FB82DBF21BB5E78600E5FF5C /* SampleUITests.xctest */,
			);
			name = Products;
			sourceTree = "<group>";
		};
		FB82DBD01BB5E78600E5FF5C /* Sample */ = {
			isa = PBXGroup;
			children = (
				FB82DC141BB5F20100E5FF5C /* Foundation */,
				FB82DC041BB5EA7A00E5FF5C /* Supporting Files */,
				FB82DBD41BB5E78600E5FF5C /* AppDelegate.h */,
				FB82DBD51BB5E78600E5FF5C /* AppDelegate.m */,
				FB82DBD71BB5E78600E5FF5C /* ViewController.h */,
				FB82DBD81BB5E78600E5FF5C /* ViewController.m */,
				FB293F641BB5F49E00DF5259 /* RandomViewController.h */,
				FB293F651BB5F49E00DF5259 /* RandomViewController.m */,
				FB293F661BB5F49E00DF5259 /* RandomViewController.xib */,
				FB77A4011BBD8FA700905EED /* UserManager.h */,
				FB77A4021BBD8FA700905EED /* UserManager.m */,
				FB77A4041BBD9CA700905EED /* UIView+Subviews.h */,
				FB77A4051BBD9CA700905EED /* UIView+Subviews.m */,
			);
			path = Sample;
			sourceTree = "<group>";
		};
		FB82DBEA1BB5E78600E5FF5C /* SampleTests */ = {
			isa = PBXGroup;
			children = (
				FB77A40B1BBDA34C00905EED /* ViewControllerTests.m */,
				FB77A4091BBDA06900905EED /* UserManagerTest.m */,
				FB82DBEB1BB5E78600E5FF5C /* ViewControllerTest.m */,
				FB82DBED1BB5E78600E5FF5C /* Info.plist */,
			);
			path = SampleTests;
			sourceTree = "<group>";
		};
		FB82DBF51BB5E78600E5FF5C /* SampleUITests */ = {
			isa = PBXGroup;
			children = (
				FB82DBF61BB5E78600E5FF5C /* SampleUITests.m */,
				FB82DBF81BB5E78600E5FF5C /* Info.plist */,
			);
			path = SampleUITests;
			sourceTree = "<group>";
		};
		FB82DC041BB5EA7A00E5FF5C /* Supporting Files */ = {
			isa = PBXGroup;
			children = (
				FB82DC051BB5EA7A00E5FF5C /* Assets.xcassets */,
				FB82DC061BB5EA7A00E5FF5C /* LaunchScreen.storyboard */,
				FB82DC081BB5EA7A00E5FF5C /* Main.storyboard */,
				FB82DC0A1BB5EA7A00E5FF5C /* Info.plist */,
				FB82DC0B1BB5EA7A00E5FF5C /* main.m */,
			);
			path = "Supporting Files";
			sourceTree = "<group>";
		};
		FB82DC141BB5F20100E5FF5C /* Foundation */ = {
			isa = PBXGroup;
			children = (
				FB82DC151BB5F21400E5FF5C /* Arrays.h */,
				FB82DC161BB5F21400E5FF5C /* Arrays.m */,
			);
			path = Foundation;
			sourceTree = "<group>";
		};
/* End PBXGroup section */

/* Begin PBXNativeTarget section */
		FB82DBCD1BB5E78600E5FF5C /* Sample */ = {
			isa = PBXNativeTarget;
			buildConfigurationList = FB82DBFB1BB5E78600E5FF5C /* Build configuration list for PBXNativeTarget "Sample" */;
			buildPhases = (
				67B3CAA0A2EBD85170F62FFC /* Check Pods Manifest.lock */,
				FB82DBCA1BB5E78600E5FF5C /* Sources */,
				FB82DBCB1BB5E78600E5FF5C /* Frameworks */,
				FB82DBCC1BB5E78600E5FF5C /* Resources */,
				0B937CE447429A740186A848 /* Embed Pods Frameworks */,
				2D5685BF3DFA129F50CBBBA0 /* Copy Pods Resources */,
			);
			buildRules = (
			);
			dependencies = (
			);
			name = Sample;
			productName = Sample;
			productReference = FB82DBCE1BB5E78600E5FF5C /* Sample.app */;
			productType = "com.apple.product-type.application";
		};
		FB82DBE61BB5E78600E5FF5C /* SampleTests */ = {
			isa = PBXNativeTarget;
			buildConfigurationList = FB82DBFE1BB5E78600E5FF5C /* Build configuration list for PBXNativeTarget "SampleTests" */;
			buildPhases = (
				1F80EDCCB71B3A4A486B9976 /* Check Pods Manifest.lock */,
				FB82DBE31BB5E78600E5FF5C /* Sources */,
				FB82DBE41BB5E78600E5FF5C /* Frameworks */,
				FB82DBE51BB5E78600E5FF5C /* Resources */,
				0E0C7E70C89E7153A6CE440A /* Embed Pods Frameworks */,
				40B32031A8FD036D04AF728D /* Copy Pods Resources */,
			);
			buildRules = (
			);
			dependencies = (
				FB82DBE91BB5E78600E5FF5C /* PBXTargetDependency */,
			);
			name = SampleTests;
			productName = SampleTests;
			productReference = FB82DBE71BB5E78600E5FF5C /* SampleTests.xctest */;
			productType = "com.apple.product-type.bundle.unit-test";
		};
		FB82DBF11BB5E78600E5FF5C /* SampleUITests */ = {
			isa = PBXNativeTarget;
			buildConfigurationList = FB82DC011BB5E78600E5FF5C /* Build configuration list for PBXNativeTarget "SampleUITests" */;
			buildPhases = (
				FB82DBEE1BB5E78600E5FF5C /* Sources */,
				FB82DBEF1BB5E78600E5FF5C /* Frameworks */,
				FB82DBF01BB5E78600E5FF5C /* Resources */,
			);
			buildRules = (
			);
			dependencies = (
				FB82DBF41BB5E78600E5FF5C /* PBXTargetDependency */,
			);
			name = SampleUITests;
			productName = SampleUITests;
			productReference = FB82DBF21BB5E78600E5FF5C /* SampleUITests.xctest */;
			productType = "com.apple.product-type.bundle.ui-testing";
		};
/* End PBXNativeTarget section */

/* Begin PBXProject section */
		FB82DBC61BB5E78600E5FF5C /* Project object */ = {
			isa = PBXProject;
			attributes = {
				LastUpgradeCheck = 0700;
				ORGANIZATIONNAME = sample;
				TargetAttributes = {
					FB82DBCD1BB5E78600E5FF5C = {
						CreatedOnToolsVersion = 7.0;
					};
					FB82DBE61BB5E78600E5FF5C = {
						CreatedOnToolsVersion = 7.0;
						TestTargetID = FB82DBCD1BB5E78600E5FF5C;
					};
					FB82DBF11BB5E78600E5FF5C = {
						CreatedOnToolsVersion = 7.0;
						TestTargetID = FB82DBCD1BB5E78600E5FF5C;
					};
				};
			};
			buildConfigurationList = FB82DBC91BB5E78600E5FF5C /* Build configuration list for PBXProject "Sample" */;
			compatibilityVersion = "Xcode 3.2";
			developmentRegion = English;
			hasScannedForEncodings = 0;
			knownRegions = (
				en,
				Base,
			);
			mainGroup = FB82DBC51BB5E78600E5FF5C;
			productRefGroup = FB82DBCF1BB5E78600E5FF5C /* Products */;
			projectDirPath = "";
			projectRoot = "";
			targets = (
				FB82DBCD1BB5E78600E5FF5C /* Sample */,
				FB82DBE61BB5E78600E5FF5C /* SampleTests */,
				FB82DBF11BB5E78600E5FF5C /* SampleUITests */,
			);
		};
/* End PBXProject section */

/* Begin PBXResourcesBuildPhase section */
		FB82DBCC1BB5E78600E5FF5C /* Resources */ = {
			isa = PBXResourcesBuildPhase;
			buildActionMask = 2147483647;
			files = (
				FB82DC0F1BB5EA7A00E5FF5C /* Info.plist in Resources */,
				FB82DC0E1BB5EA7A00E5FF5C /* Main.storyboard in Resources */,
				FB82DC0C1BB5EA7A00E5FF5C /* Assets.xcassets in Resources */,
				FB82DC0D1BB5EA7A00E5FF5C /* LaunchScreen.storyboard in Resources */,
				FB293F681BB5F49E00DF5259 /* RandomViewController.xib in Resources */,
			);
			runOnlyForDeploymentPostprocessing = 0;
		};
		FB82DBE51BB5E78600E5FF5C /* Resources */ = {
			isa = PBXResourcesBuildPhase;
			buildActionMask = 2147483647;
			files = (
			);
			runOnlyForDeploymentPostprocessing = 0;
		};
		FB82DBF01BB5E78600E5FF5C /* Resources */ = {
			isa = PBXResourcesBuildPhase;
			buildActionMask = 2147483647;
			files = (
			);
			runOnlyForDeploymentPostprocessing = 0;
		};
/* End PBXResourcesBuildPhase section */

/* Begin PBXShellScriptBuildPhase section */
		0B937CE447429A740186A848 /* Embed Pods Frameworks */ = {
			isa = PBXShellScriptBuildPhase;
			buildActionMask = 2147483647;
			files = (
			);
			inputPaths = (
			);
			name = "Embed Pods Frameworks";
			outputPaths = (
			);
			runOnlyForDeploymentPostprocessing = 0;
			shellPath = /bin/sh;
			shellScript = "\"${SRCROOT}/Pods/Target Support Files/Pods/Pods-frameworks.sh\"\n";
			showEnvVarsInLog = 0;
		};
		0E0C7E70C89E7153A6CE440A /* Embed Pods Frameworks */ = {
			isa = PBXShellScriptBuildPhase;
			buildActionMask = 2147483647;
			files = (
			);
			inputPaths = (
			);
			name = "Embed Pods Frameworks";
			outputPaths = (
			);
			runOnlyForDeploymentPostprocessing = 0;
			shellPath = /bin/sh;
			shellScript = "\"${SRCROOT}/Pods/Target Support Files/Pods-SampleTests/Pods-SampleTests-frameworks.sh\"\n";
			showEnvVarsInLog = 0;
		};
		1F80EDCCB71B3A4A486B9976 /* Check Pods Manifest.lock */ = {
			isa = PBXShellScriptBuildPhase;
			buildActionMask = 2147483647;
			files = (
			);
			inputPaths = (
			);
			name = "Check Pods Manifest.lock";
			outputPaths = (
			);
			runOnlyForDeploymentPostprocessing = 0;
			shellPath = /bin/sh;
			shellScript = "diff \"${PODS_ROOT}/../Podfile.lock\" \"${PODS_ROOT}/Manifest.lock\" > /dev/null\nif [[ $? != 0 ]] ; then\n    cat << EOM\nerror: The sandbox is not in sync with the Podfile.lock. Run 'pod install' or update your CocoaPods installation.\nEOM\n    exit 1\nfi\n";
			showEnvVarsInLog = 0;
		};
		2D5685BF3DFA129F50CBBBA0 /* Copy Pods Resources */ = {
			isa = PBXShellScriptBuildPhase;
			buildActionMask = 2147483647;
			files = (
			);
			inputPaths = (
			);
			name = "Copy Pods Resources";
			outputPaths = (
			);
			runOnlyForDeploymentPostprocessing = 0;
			shellPath = /bin/sh;
			shellScript = "\"${SRCROOT}/Pods/Target Support Files/Pods/Pods-resources.sh\"\n";
			showEnvVarsInLog = 0;
		};
		40B32031A8FD036D04AF728D /* Copy Pods Resources */ = {
			isa = PBXShellScriptBuildPhase;
			buildActionMask = 2147483647;
			files = (
			);
			inputPaths = (
			);
			name = "Copy Pods Resources";
			outputPaths = (
			);
			runOnlyForDeploymentPostprocessing = 0;
			shellPath = /bin/sh;
			shellScript = "\"${SRCROOT}/Pods/Target Support Files/Pods-SampleTests/Pods-SampleTests-resources.sh\"\n";
			showEnvVarsInLog = 0;
		};
		67B3CAA0A2EBD85170F62FFC /* Check Pods Manifest.lock */ = {
			isa = PBXShellScriptBuildPhase;
			buildActionMask = 2147483647;
			files = (
			);
			inputPaths = (
			);
			name = "Check Pods Manifest.lock";
			outputPaths = (
			);
			runOnlyForDeploymentPostprocessing = 0;
			shellPath = /bin/sh;
			shellScript = "diff \"${PODS_ROOT}/../Podfile.lock\" \"${PODS_ROOT}/Manifest.lock\" > /dev/null\nif [[ $? != 0 ]] ; then\n    cat << EOM\nerror: The sandbox is not in sync with the Podfile.lock. Run 'pod install' or update your CocoaPods installation.\nEOM\n    exit 1\nfi\n";
			showEnvVarsInLog = 0;
		};
/* End PBXShellScriptBuildPhase section */

/* Begin PBXSourcesBuildPhase section */
		FB82DBCA1BB5E78600E5FF5C /* Sources */ = {
			isa = PBXSourcesBuildPhase;
			buildActionMask = 2147483647;
			files = (
				FB82DBD91BB5E78600E5FF5C /* ViewController.m in Sources */,
				FB293F671BB5F49E00DF5259 /* RandomViewController.m in Sources */,
				FB82DC171BB5F21400E5FF5C /* Arrays.m in Sources */,
				FB82DC101BB5EA7A00E5FF5C /* main.m in Sources */,
				FB77A4031BBD8FA700905EED /* UserManager.m in Sources */,
				FB77A4061BBD9CA700905EED /* UIView+Subviews.m in Sources */,
				FB82DBD61BB5E78600E5FF5C /* AppDelegate.m in Sources */,
			);
			runOnlyForDeploymentPostprocessing = 0;
		};
		FB82DBE31BB5E78600E5FF5C /* Sources */ = {
			isa = PBXSourcesBuildPhase;
			buildActionMask = 2147483647;
			files = (
				FB77A40C1BBDA34C00905EED /* ViewControllerTests.m in Sources */,
				FB77A40A1BBDA06900905EED /* UserManagerTest.m in Sources */,
				FB82DBEC1BB5E78600E5FF5C /* ViewControllerTest.m in Sources */,
			);
			runOnlyForDeploymentPostprocessing = 0;
		};
		FB82DBEE1BB5E78600E5FF5C /* Sources */ = {
			isa = PBXSourcesBuildPhase;
			buildActionMask = 2147483647;
			files = (
				FB82DBF71BB5E78600E5FF5C /* SampleUITests.m in Sources */,
			);
			runOnlyForDeploymentPostprocessing = 0;
		};
/* End PBXSourcesBuildPhase section */

/* Begin PBXTargetDependency section */
		FB82DBE91BB5E78600E5FF5C /* PBXTargetDependency */ = {
			isa = PBXTargetDependency;
			target = FB82DBCD1BB5E78600E5FF5C /* Sample */;
			targetProxy = FB82DBE81BB5E78600E5FF5C /* PBXContainerItemProxy */;
		};
		FB82DBF41BB5E78600E5FF5C /* PBXTargetDependency */ = {
			isa = PBXTargetDependency;
			target = FB82DBCD1BB5E78600E5FF5C /* Sample */;
			targetProxy = FB82DBF31BB5E78600E5FF5C /* PBXContainerItemProxy */;
		};
/* End PBXTargetDependency section */

/* Begin PBXVariantGroup section */
		FB82DC061BB5EA7A00E5FF5C /* LaunchScreen.storyboard */ = {
			isa = PBXVariantGroup;
			children = (
				FB82DC071BB5EA7A00E5FF5C /* Base */,
			);
			name = LaunchScreen.storyboard;
			sourceTree = "<group>";
		};
		FB82DC081BB5EA7A00E5FF5C /* Main.storyboard */ = {
			isa = PBXVariantGroup;
			children = (
				FB82DC091BB5EA7A00E5FF5C /* Base */,
			);
			name = Main.storyboard;
			sourceTree = "<group>";
		};
/* End PBXVariantGroup section */

/* Begin XCBuildConfiguration section */
		FB82DBF91BB5E78600E5FF5C /* Debug */ = {
			isa = XCBuildConfiguration;
			buildSettings = {
				ALWAYS_SEARCH_USER_PATHS = NO;
				CLANG_CXX_LANGUAGE_STANDARD = "gnu++0x";
				CLANG_CXX_LIBRARY = "libc++";
				CLANG_ENABLE_MODULES = YES;
				CLANG_ENABLE_OBJC_ARC = YES;
				CLANG_WARN_BOOL_CONVERSION = YES;
				CLANG_WARN_CONSTANT_CONVERSION = YES;
				CLANG_WARN_DIRECT_OBJC_ISA_USAGE = YES_ERROR;
				CLANG_WARN_EMPTY_BODY = YES;
				CLANG_WARN_ENUM_CONVERSION = YES;
				CLANG_WARN_INT_CONVERSION = YES;
				CLANG_WARN_OBJC_ROOT_CLASS = YES_ERROR;
				CLANG_WARN_UNREACHABLE_CODE = YES;
				CLANG_WARN__DUPLICATE_METHOD_MATCH = YES;
				"CODE_SIGN_IDENTITY[sdk=iphoneos*]" = "iPhone Developer";
				COPY_PHASE_STRIP = NO;
				DEBUG_INFORMATION_FORMAT = dwarf;
				ENABLE_STRICT_OBJC_MSGSEND = YES;
				ENABLE_TESTABILITY = YES;
				GCC_C_LANGUAGE_STANDARD = gnu99;
				GCC_DYNAMIC_NO_PIC = NO;
				GCC_NO_COMMON_BLOCKS = YES;
				GCC_OPTIMIZATION_LEVEL = 0;
				GCC_PREPROCESSOR_DEFINITIONS = (
					"DEBUG=1",
					"$(inherited)",
				);
				GCC_WARN_64_TO_32_BIT_CONVERSION = YES;
				GCC_WARN_ABOUT_RETURN_TYPE = YES_ERROR;
				GCC_WARN_UNDECLARED_SELECTOR = YES;
				GCC_WARN_UNINITIALIZED_AUTOS = YES_AGGRESSIVE;
				GCC_WARN_UNUSED_FUNCTION = YES;
				GCC_WARN_UNUSED_VARIABLE = YES;
				IPHONEOS_DEPLOYMENT_TARGET = 9.0;
				MTL_ENABLE_DEBUG_INFO = YES;
				ONLY_ACTIVE_ARCH = YES;
				SDKROOT = iphoneos;
				TARGETED_DEVICE_FAMILY = "1,2";
			};
			name = Debug;
		};
		FB82DBFA1BB5E78600E5FF5C /* Release */ = {
			isa = XCBuildConfiguration;
			buildSettings = {
				ALWAYS_SEARCH_USER_PATHS = NO;
				CLANG_CXX_LANGUAGE_STANDARD = "gnu++0x";
				CLANG_CXX_LIBRARY = "libc++";
				CLANG_ENABLE_MODULES = YES;
				CLANG_ENABLE_OBJC_ARC = YES;
				CLANG_WARN_BOOL_CONVERSION = YES;
				CLANG_WARN_CONSTANT_CONVERSION = YES;
				CLANG_WARN_DIRECT_OBJC_ISA_USAGE = YES_ERROR;
				CLANG_WARN_EMPTY_BODY = YES;
				CLANG_WARN_ENUM_CONVERSION = YES;
				CLANG_WARN_INT_CONVERSION = YES;
				CLANG_WARN_OBJC_ROOT_CLASS = YES_ERROR;
				CLANG_WARN_UNREACHABLE_CODE = YES;
				CLANG_WARN__DUPLICATE_METHOD_MATCH = YES;
				"CODE_SIGN_IDENTITY[sdk=iphoneos*]" = "iPhone Developer";
				COPY_PHASE_STRIP = NO;
				DEBUG_INFORMATION_FORMAT = "dwarf-with-dsym";
				ENABLE_NS_ASSERTIONS = NO;
				ENABLE_STRICT_OBJC_MSGSEND = YES;
				GCC_C_LANGUAGE_STANDARD = gnu99;
				GCC_NO_COMMON_BLOCKS = YES;
				GCC_WARN_64_TO_32_BIT_CONVERSION = YES;
				GCC_WARN_ABOUT_RETURN_TYPE = YES_ERROR;
				GCC_WARN_UNDECLARED_SELECTOR = YES;
				GCC_WARN_UNINITIALIZED_AUTOS = YES_AGGRESSIVE;
				GCC_WARN_UNUSED_FUNCTION = YES;
				GCC_WARN_UNUSED_VARIABLE = YES;
				IPHONEOS_DEPLOYMENT_TARGET = 9.0;
				MTL_ENABLE_DEBUG_INFO = NO;
				SDKROOT = iphoneos;
				TARGETED_DEVICE_FAMILY = "1,2";
				VALIDATE_PRODUCT = YES;
			};
			name = Release;
		};
		FB82DBFC1BB5E78600E5FF5C /* Debug */ = {
			isa = XCBuildConfiguration;
			baseConfigurationReference = 93DA24D61EC39B7EBFEE3984 /* Pods.debug.xcconfig */;
			buildSettings = {
				ASSETCATALOG_COMPILER_APPICON_NAME = AppIcon;
				INFOPLIST_FILE = "Sample/Supporting Files/Info.plist";
				LD_RUNPATH_SEARCH_PATHS = "$(inherited) @executable_path/Frameworks";
				PRODUCT_BUNDLE_IDENTIFIER = com.sample.Sample;
				PRODUCT_NAME = "$(TARGET_NAME)";
			};
			name = Debug;
		};
		FB82DBFD1BB5E78600E5FF5C /* Release */ = {
			isa = XCBuildConfiguration;
			baseConfigurationReference = A94843405F944AD979BB65E3 /* Pods.release.xcconfig */;
			buildSettings = {
				ASSETCATALOG_COMPILER_APPICON_NAME = AppIcon;
				INFOPLIST_FILE = "Sample/Supporting Files/Info.plist";
				LD_RUNPATH_SEARCH_PATHS = "$(inherited) @executable_path/Frameworks";
				PRODUCT_BUNDLE_IDENTIFIER = com.sample.Sample;
				PRODUCT_NAME = "$(TARGET_NAME)";
			};
			name = Release;
		};
		FB82DBFF1BB5E78600E5FF5C /* Debug */ = {
			isa = XCBuildConfiguration;
			baseConfigurationReference = 5AA303EEBA69E0FA2C768747 /* Pods-SampleTests.debug.xcconfig */;
			buildSettings = {
				BUNDLE_LOADER = "$(TEST_HOST)";
				INFOPLIST_FILE = SampleTests/Info.plist;
				LD_RUNPATH_SEARCH_PATHS = "$(inherited) @executable_path/Frameworks @loader_path/Frameworks";
				PRODUCT_BUNDLE_IDENTIFIER = com.sample.SampleTests;
				PRODUCT_NAME = "$(TARGET_NAME)";
				TEST_HOST = "$(BUILT_PRODUCTS_DIR)/Sample.app/Sample";
			};
			name = Debug;
		};
		FB82DC001BB5E78600E5FF5C /* Release */ = {
			isa = XCBuildConfiguration;
			baseConfigurationReference = 64886871249BC2805F2791A7 /* Pods-SampleTests.release.xcconfig */;
			buildSettings = {
				BUNDLE_LOADER = "$(TEST_HOST)";
				INFOPLIST_FILE = SampleTests/Info.plist;
				LD_RUNPATH_SEARCH_PATHS = "$(inherited) @executable_path/Frameworks @loader_path/Frameworks";
				PRODUCT_BUNDLE_IDENTIFIER = com.sample.SampleTests;
				PRODUCT_NAME = "$(TARGET_NAME)";
				TEST_HOST = "$(BUILT_PRODUCTS_DIR)/Sample.app/Sample";
			};
			name = Release;
		};
		FB82DC021BB5E78600E5FF5C /* Debug */ = {
			isa = XCBuildConfiguration;
			buildSettings = {
				INFOPLIST_FILE = SampleUITests/Info.plist;
				LD_RUNPATH_SEARCH_PATHS = "$(inherited) @executable_path/Frameworks @loader_path/Frameworks";
				PRODUCT_BUNDLE_IDENTIFIER = com.sample.SampleUITests;
				PRODUCT_NAME = "$(TARGET_NAME)";
				TEST_TARGET_NAME = Sample;
				USES_XCTRUNNER = YES;
			};
			name = Debug;
		};
		FB82DC031BB5E78600E5FF5C /* Release */ = {
			isa = XCBuildConfiguration;
			buildSettings = {
				INFOPLIST_FILE = SampleUITests/Info.plist;
				LD_RUNPATH_SEARCH_PATHS = "$(inherited) @executable_path/Frameworks @loader_path/Frameworks";
				PRODUCT_BUNDLE_IDENTIFIER = com.sample.SampleUITests;
				PRODUCT_NAME = "$(TARGET_NAME)";
				TEST_TARGET_NAME = Sample;
				USES_XCTRUNNER = YES;
			};
			name = Release;
		};
/* End XCBuildConfiguration section */

/* Begin XCConfigurationList section */
		FB82DBC91BB5E78600E5FF5C /* Build configuration list for PBXProject "Sample" */ = {
			isa = XCConfigurationList;
			buildConfigurations = (
				FB82DBF91BB5E78600E5FF5C /* Debug */,
				FB82DBFA1BB5E78600E5FF5C /* Release */,
			);
			defaultConfigurationIsVisible = 0;
			defaultConfigurationName = Release;
		};
		FB82DBFB1BB5E78600E5FF5C /* Build configuration list for PBXNativeTarget "Sample" */ = {
			isa = XCConfigurationList;
			buildConfigurations = (
				FB82DBFC1BB5E78600E5FF5C /* Debug */,
				FB82DBFD1BB5E78600E5FF5C /* Release */,
			);
			defaultConfigurationIsVisible = 0;
			defaultConfigurationName = Release;
		};
		FB82DBFE1BB5E78600E5FF5C /* Build configuration list for PBXNativeTarget "SampleTests" */ = {
			isa = XCConfigurationList;
			buildConfigurations = (
				FB82DBFF1BB5E78600E5FF5C /* Debug */,
				FB82DC001BB5E78600E5FF5C /* Release */,
			);
			defaultConfigurationIsVisible = 0;
			defaultConfigurationName = Release;
		};
		FB82DC011BB5E78600E5FF5C /* Build configuration list for PBXNativeTarget "SampleUITests" */ = {
			isa = XCConfigurationList;
			buildConfigurations = (
				FB82DC021BB5E78600E5FF5C /* Debug */,
				FB82DC031BB5E78600E5FF5C /* Release */,
			);
			defaultConfigurationIsVisible = 0;
			defaultConfigurationName = Release;
		};
/* End XCConfigurationList section */
	};
	rootObject = FB82DBC61BB5E78600E5FF5C /* Project object */;
}
